
Microsoft Visual Studio Solution File, Format Version 12.00
# Visual Studio Version 17
VisualStudioVersion = 17.6.33829.357
MinimumVisualStudioVersion = 10.0.40219.1
Project("{FAE04EC0-301F-11D3-BF4B-00C04F79EFBC}") = "NZWalks.API", "NZWalks.API\NZWalks.API.csproj", "{0376538A-5C36-4111-B467-222D8ACE67C3}"
EndProject
Global
	GlobalSection(SolutionConfigurationPlatforms) = preSolution
		Debug|Any CPU = Debug|Any CPU
		Release|Any CPU = Release|Any CPU
	EndGlobalSection
	GlobalSection(ProjectConfigurationPlatforms) = postSolution
		{0376538A-5C36-4111-B467-222D8ACE67C3}.Debug|Any CPU.ActiveCfg = Debug|Any CPU
		{0376538A-5C36-4111-B467-222D8ACE67C3}.Debug|Any CPU.Build.0 = Debug|Any CPU
		{0376538A-5C36-4111-B467-222D8ACE67C3}.Release|Any CPU.ActiveCfg = Release|Any CPU
		{0376538A-5C36-4111-B467-222D8ACE67C3}.Release|Any CPU.Build.0 = Release|Any CPU
	EndGlobalSection
	GlobalSection(SolutionProperties) = preSolution
		HideSolutionNode = FALSE
	EndGlobalSection
	GlobalSection(ExtensibilityGlobals) = postSolution
		SolutionGuid = {CD3FFA0B-9C26-470C-96E7-B90C9B1D6AB5}
	EndGlobalSection
EndGlobal
